
Microsoft Visual Studio Solution File, Format Version 12.00
# Visual Studio Version 17
VisualStudioVersion = 17.8.34525.116
MinimumVisualStudioVersion = 10.0.40219.1
Project("{9A19103F-16F7-4668-BE54-9A1E7A4F7556}") = "Web", "Web.csproj", "{74CCB97F-7F73-46CC-85DC-2DE217CBE2D4}"
EndProject
Global
	GlobalSection(SolutionConfigurationPlatforms) = preSolution
		Debug|Any CPU = Debug|Any CPU
		Release|Any CPU = Release|Any CPU
	EndGlobalSection
	GlobalSection(ProjectConfigurationPlatforms) = postSolution
		{74CCB97F-7F73-46CC-85DC-2DE217CBE2D4}.Debug|Any CPU.ActiveCfg = Debug|Any CPU
		{74CCB97F-7F73-46CC-85DC-2DE217CBE2D4}.Debug|Any CPU.Build.0 = Debug|Any CPU
		{74CCB97F-7F73-46CC-85DC-2DE217CBE2D4}.Release|Any CPU.ActiveCfg = Release|Any CPU
		{74CCB97F-7F73-46CC-85DC-2DE217CBE2D4}.Release|Any CPU.Build.0 = Release|Any CPU
	EndGlobalSection
	GlobalSection(SolutionProperties) = preSolution
		HideSolutionNode = FALSE
	EndGlobalSection
	GlobalSection(ExtensibilityGlobals) = postSolution
		SolutionGuid = {85BB89F7-F9C9-45AD-84D6-FC3A13D37AE8}
	EndGlobalSection
EndGlobal
